
Microsoft Visual Studio Solution File, Format Version 12.00
# Visual Studio Version 17
VisualStudioVersion = 17.2.32630.192
MinimumVisualStudioVersion = 10.0.40219.1
Project("{FAE04EC0-301F-11D3-BF4B-00C04F79EFBC}") = "abc", "abc\abc.csproj", "{0B706D9C-C85C-4F49-8DC7-2D0E078CD7DB}"
EndProject
Global
	GlobalSection(SolutionConfigurationPlatforms) = preSolution
		Debug|Any CPU = Debug|Any CPU
		Release|Any CPU = Release|Any CPU
	EndGlobalSection
	GlobalSection(ProjectConfigurationPlatforms) = postSolution
		{0B706D9C-C85C-4F49-8DC7-2D0E078CD7DB}.Debug|Any CPU.ActiveCfg = Debug|Any CPU
		{0B706D9C-C85C-4F49-8DC7-2D0E078CD7DB}.Debug|Any CPU.Build.0 = Debug|Any CPU
		{0B706D9C-C85C-4F49-8DC7-2D0E078CD7DB}.Release|Any CPU.ActiveCfg = Release|Any CPU
		{0B706D9C-C85C-4F49-8DC7-2D0E078CD7DB}.Release|Any CPU.Build.0 = Release|Any CPU
	EndGlobalSection
	GlobalSection(SolutionProperties) = preSolution
		HideSolutionNode = FALSE
	EndGlobalSection
	GlobalSection(ExtensibilityGlobals) = postSolution
		SolutionGuid = {B85316E2-B9AF-40B9-A512-6CD24B147117}
	EndGlobalSection
EndGlobal
